
Microsoft Visual Studio Solution File, Format Version 12.00
# Visual Studio Version 16
VisualStudioVersion = 16.0.28917.182
MinimumVisualStudioVersion = 10.0.40219.1
Project("{FAE04EC0-301F-11D3-BF4B-00C04F79EFBC}") = "K39C", "K39C\K39C.csproj", "{88EB05C4-6565-4D19-80AB-F75E3D1A5198}"
EndProject
Global
	GlobalSection(SolutionConfigurationPlatforms) = preSolution
		Debug|Any CPU = Debug|Any CPU
		Release|Any CPU = Release|Any CPU
	EndGlobalSection
	GlobalSection(ProjectConfigurationPlatforms) = postSolution
		{88EB05C4-6565-4D19-80AB-F75E3D1A5198}.Debug|Any CPU.ActiveCfg = Debug|Any CPU
		{88EB05C4-6565-4D19-80AB-F75E3D1A5198}.Debug|Any CPU.Build.0 = Debug|Any CPU
		{88EB05C4-6565-4D19-80AB-F75E3D1A5198}.Release|Any CPU.ActiveCfg = Release|Any CPU
		{88EB05C4-6565-4D19-80AB-F75E3D1A5198}.Release|Any CPU.Build.0 = Release|Any CPU
	EndGlobalSection
	GlobalSection(SolutionProperties) = preSolution
		HideSolutionNode = FALSE
	EndGlobalSection
	GlobalSection(ExtensibilityGlobals) = postSolution
		SolutionGuid = {38F8765E-4CAA-4353-9AB1-660DECD3E259}
	EndGlobalSection
EndGlobal
